{
  "version": 4,
  "terraform_version": "1.2.9",
  "serial": 11,
  "lineage": "b9c55352-b9d6-6d1c-26a6-b651eac97745",
  "outputs": {
    "cluster": {
      "value": {
        "arn": "arn:aws:eks:us-east-1:262583979852:cluster/eks-cluster-test",
        "certificate_authority": [
          {
            "data": "LS0tLS1CRUdJTiBDRVJUSUZJQ0FURS0tLS0tCk1JSUMvakNDQWVhZ0F3SUJBZ0lCQURBTkJna3Foa2lHOXcwQkFRc0ZBREFWTVJNd0VRWURWUVFERXdwcmRXSmwKY201bGRHVnpNQjRYRFRJeU1UQXhOREl4TlRJeE9Gb1hEVE15TVRBeE1USXhOVEl4T0Zvd0ZURVRNQkVHQTFVRQpBeE1LYTNWaVpYSnVaWFJsY3pDQ0FTSXdEUVlKS29aSWh2Y05BUUVCQlFBRGdnRVBBRENDQVFvQ2dnRUJBTm9aCjJFRlYzcXBBVHBWam0vV1MvS2FVMWt4R2xtNWtiL3ExRkVDRUpwaEtaZzVnbk9RZ01jb0xkK1pIUzA0Und2dVoKQ2xUK2k2dUhVZG1KQ2cxaGxKODM3UlUwTXJxbjExTEJ4M1REekNXUDNhUFI1WVVoREQwQWZVWnJ6YnZZVWlYdgpGZGpiRHlvTjRUUjIyRlpNN0tZN2pKYlB4NVhaUmswSmx6dFBKVTJLN2kyNXUyTzNuL3I2aHBaN0VDU3VBREg1Cm9Qbm95a3pTYzVvWmMzNzhrUmYvcU1JT2lZTURtQUJoa1REdHN1K3pLMzFyNGxEbXJPRWxieDlaVDZuVkRBNTgKOEVNNlN6WFlGcTNROXV0OFlvcWw2NnpOeVFqVDhJbmpXN0FKR2FmRGM3ME1UMFdrWks0NGNsWWUvNi8wbVhvbwpKQXpEM1JlMWtiZUNRWitNMk4wQ0F3RUFBYU5aTUZjd0RnWURWUjBQQVFIL0JBUURBZ0trTUE4R0ExVWRFd0VCCi93UUZNQU1CQWY4d0hRWURWUjBPQkJZRUZKTXdNZjJWcWdkM2ZSRnZnTm43Qzd0d0ZUR0xNQlVHQTFVZEVRUU8KTUF5Q0NtdDFZbVZ5Ym1WMFpYTXdEUVlKS29aSWh2Y05BUUVMQlFBRGdnRUJBTWZPdjV2dEtBRnIrUDY4aERObQozd3JXS1Q5NldKQ2NkdUQwU3NYbGdMMm9Uc0VVaGMzSTVGQ1BwYnZYcXVoWHJDVE9JRmhDL0FEUGRRSXliRzZiClVyRnJ2T1hUQ3RHUUcvYncwdWRLb2w2blNKa1EzVFRKVDdXbjg0b1JMM1F4Vmg5WWhuaUFKMVFRUnlpTUhsMWoKYTBkZmxEZC9GSDhXUE9mSFlFTUVTM2tkVzF2MG1yNFlTN2dVTjZMK3RMYUErc2FiMEY3aE9weDJmN3BtbU4xWAp2VFBuZWtacWVuc3hJYzZWRjlmTGpqQkdEN09sOU5TL0o1NzJQUC8vZFBHRHl0dDJwRjVNSEx1R0JFLzBKQkhXCkt2OTBhZVBVSXJtdm1lN1JYNXJZeGZmUm5YZTZSSWtsdVNDa1d2MEw2eVFKQ1MwSThYR1ZHVjY0YUpRbzQxbDYKMEJVPQotLS0tLUVORCBDRVJUSUZJQ0FURS0tLS0tCg=="
          }
        ],
        "created_at": "2022-10-14 21:45:13.418 +0000 UTC",
        "enabled_cluster_log_types": null,
        "encryption_config": [],
        "endpoint": "https://9D79E52948A9A0B141D73D14DDE0744A.gr7.us-east-1.eks.amazonaws.com",
        "id": "eks-cluster-test",
        "identity": [
          {
            "oidc": [
              {
                "issuer": "https://oidc.eks.us-east-1.amazonaws.com/id/9D79E52948A9A0B141D73D14DDE0744A"
              }
            ]
          }
        ],
        "kubernetes_network_config": [
          {
            "ip_family": "ipv4",
            "service_ipv4_cidr": "10.100.0.0/16",
            "service_ipv6_cidr": ""
          }
        ],
        "name": "eks-cluster-test",
        "outpost_config": [],
        "platform_version": "eks.2",
        "role_arn": "arn:aws:iam::262583979852:role/eks-iam-role",
        "status": "ACTIVE",
        "tags": null,
        "tags_all": {},
        "timeouts": null,
        "version": "1.23",
        "vpc_config": [
          {
            "cluster_security_group_id": "sg-0acfd37d5fca55f40",
            "endpoint_private_access": false,
            "endpoint_public_access": true,
            "public_access_cidrs": [
              "0.0.0.0/0"
            ],
            "security_group_ids": null,
            "subnet_ids": [
              "subnet-06a863af6e2907a70",
              "subnet-0daeb618d05a82df2"
            ],
            "vpc_id": "vpc-01f36caaea3832765"
          }
        ]
      },
      "type": [
        "object",
        {
          "arn": "string",
          "certificate_authority": [
            "list",
            [
              "object",
              {
                "data": "string"
              }
            ]
          ],
          "created_at": "string",
          "enabled_cluster_log_types": [
            "set",
            "string"
          ],
          "encryption_config": [
            "list",
            [
              "object",
              {
                "provider": [
                  "list",
                  [
                    "object",
                    {
                      "key_arn": "string"
                    }
                  ]
                ],
                "resources": [
                  "set",
                  "string"
                ]
              }
            ]
          ],
          "endpoint": "string",
          "id": "string",
          "identity": [
            "list",
            [
              "object",
              {
                "oidc": [
                  "list",
                  [
                    "object",
                    {
                      "issuer": "string"
                    }
                  ]
                ]
              }
            ]
          ],
          "kubernetes_network_config": [
            "list",
            [
              "object",
              {
                "ip_family": "string",
                "service_ipv4_cidr": "string",
                "service_ipv6_cidr": "string"
              }
            ]
          ],
          "name": "string",
          "outpost_config": [
            "list",
            [
              "object",
              {
                "control_plane_instance_type": "string",
                "outpost_arns": [
                  "set",
                  "string"
                ]
              }
            ]
          ],
          "platform_version": "string",
          "role_arn": "string",
          "status": "string",
          "tags": [
            "map",
            "string"
          ],
          "tags_all": [
            "map",
            "string"
          ],
          "timeouts": [
            "object",
            {
              "create": "string",
              "delete": "string",
              "update": "string"
            }
          ],
          "version": "string",
          "vpc_config": [
            "list",
            [
              "object",
              {
                "cluster_security_group_id": "string",
                "endpoint_private_access": "bool",
                "endpoint_public_access": "bool",
                "public_access_cidrs": [
                  "set",
                  "string"
                ],
                "security_group_ids": [
                  "set",
                  "string"
                ],
                "subnet_ids": [
                  "set",
                  "string"
                ],
                "vpc_id": "string"
              }
            ]
          ]
        }
      ]
    },
    "cluster_ca_cert": {
      "value": "LS0tLS1CRUdJTiBDRVJUSUZJQ0FURS0tLS0tCk1JSUMvakNDQWVhZ0F3SUJBZ0lCQURBTkJna3Foa2lHOXcwQkFRc0ZBREFWTVJNd0VRWURWUVFERXdwcmRXSmwKY201bGRHVnpNQjRYRFRJeU1UQXhOREl4TlRJeE9Gb1hEVE15TVRBeE1USXhOVEl4T0Zvd0ZURVRNQkVHQTFVRQpBeE1LYTNWaVpYSnVaWFJsY3pDQ0FTSXdEUVlKS29aSWh2Y05BUUVCQlFBRGdnRVBBRENDQVFvQ2dnRUJBTm9aCjJFRlYzcXBBVHBWam0vV1MvS2FVMWt4R2xtNWtiL3ExRkVDRUpwaEtaZzVnbk9RZ01jb0xkK1pIUzA0Und2dVoKQ2xUK2k2dUhVZG1KQ2cxaGxKODM3UlUwTXJxbjExTEJ4M1REekNXUDNhUFI1WVVoREQwQWZVWnJ6YnZZVWlYdgpGZGpiRHlvTjRUUjIyRlpNN0tZN2pKYlB4NVhaUmswSmx6dFBKVTJLN2kyNXUyTzNuL3I2aHBaN0VDU3VBREg1Cm9Qbm95a3pTYzVvWmMzNzhrUmYvcU1JT2lZTURtQUJoa1REdHN1K3pLMzFyNGxEbXJPRWxieDlaVDZuVkRBNTgKOEVNNlN6WFlGcTNROXV0OFlvcWw2NnpOeVFqVDhJbmpXN0FKR2FmRGM3ME1UMFdrWks0NGNsWWUvNi8wbVhvbwpKQXpEM1JlMWtiZUNRWitNMk4wQ0F3RUFBYU5aTUZjd0RnWURWUjBQQVFIL0JBUURBZ0trTUE4R0ExVWRFd0VCCi93UUZNQU1CQWY4d0hRWURWUjBPQkJZRUZKTXdNZjJWcWdkM2ZSRnZnTm43Qzd0d0ZUR0xNQlVHQTFVZEVRUU8KTUF5Q0NtdDFZbVZ5Ym1WMFpYTXdEUVlKS29aSWh2Y05BUUVMQlFBRGdnRUJBTWZPdjV2dEtBRnIrUDY4aERObQozd3JXS1Q5NldKQ2NkdUQwU3NYbGdMMm9Uc0VVaGMzSTVGQ1BwYnZYcXVoWHJDVE9JRmhDL0FEUGRRSXliRzZiClVyRnJ2T1hUQ3RHUUcvYncwdWRLb2w2blNKa1EzVFRKVDdXbjg0b1JMM1F4Vmg5WWhuaUFKMVFRUnlpTUhsMWoKYTBkZmxEZC9GSDhXUE9mSFlFTUVTM2tkVzF2MG1yNFlTN2dVTjZMK3RMYUErc2FiMEY3aE9weDJmN3BtbU4xWAp2VFBuZWtacWVuc3hJYzZWRjlmTGpqQkdEN09sOU5TL0o1NzJQUC8vZFBHRHl0dDJwRjVNSEx1R0JFLzBKQkhXCkt2OTBhZVBVSXJtdm1lN1JYNXJZeGZmUm5YZTZSSWtsdVNDa1d2MEw2eVFKQ1MwSThYR1ZHVjY0YUpRbzQxbDYKMEJVPQotLS0tLUVORCBDRVJUSUZJQ0FURS0tLS0tCg==",
      "type": "string"
    },
    "cluster_endpoint": {
      "value": "https://9D79E52948A9A0B141D73D14DDE0744A.gr7.us-east-1.eks.amazonaws.com",
      "type": "string"
    },
    "cluster_id": {
      "value": "eks-cluster-test",
      "type": "string"
    },
    "cluster_kubectl": {
      "value": [
        {
          "oidc": [
            {
              "issuer": "https://oidc.eks.us-east-1.amazonaws.com/id/9D79E52948A9A0B141D73D14DDE0744A"
            }
          ]
        }
      ],
      "type": [
        "list",
        [
          "object",
          {
            "oidc": [
              "list",
              [
                "object",
                {
                  "issuer": "string"
                }
              ]
            ]
          }
        ]
      ]
    },
    "cluster_name": {
      "value": "eks-cluster-test",
      "type": "string"
    },
    "sqsarn": {
      "value": "arn:aws:sqs:us-east-1:262583979852:ticket_events.fifo",
      "type": "string"
    },
    "sqsid": {
      "value": "https://sqs.us-east-1.amazonaws.com/262583979852/ticket_events.fifo",
      "type": "string"
    },
    "sqsurl": {
      "value": "https://sqs.us-east-1.amazonaws.com/262583979852/ticket_events.fifo",
      "type": "string"
    }
  },
  "resources": [
    {
      "mode": "managed",
      "type": "aws_eks_cluster",
      "name": "eks-cluster-test",
      "provider": "provider[\"registry.terraform.io/hashicorp/aws\"]",
      "instances": [
        {
          "schema_version": 0,
          "attributes": {
            "arn": "arn:aws:eks:us-east-1:262583979852:cluster/eks-cluster-test",
            "certificate_authority": [
              {
                "data": "LS0tLS1CRUdJTiBDRVJUSUZJQ0FURS0tLS0tCk1JSUMvakNDQWVhZ0F3SUJBZ0lCQURBTkJna3Foa2lHOXcwQkFRc0ZBREFWTVJNd0VRWURWUVFERXdwcmRXSmwKY201bGRHVnpNQjRYRFRJeU1UQXhOREl4TlRJeE9Gb1hEVE15TVRBeE1USXhOVEl4T0Zvd0ZURVRNQkVHQTFVRQpBeE1LYTNWaVpYSnVaWFJsY3pDQ0FTSXdEUVlKS29aSWh2Y05BUUVCQlFBRGdnRVBBRENDQVFvQ2dnRUJBTm9aCjJFRlYzcXBBVHBWam0vV1MvS2FVMWt4R2xtNWtiL3ExRkVDRUpwaEtaZzVnbk9RZ01jb0xkK1pIUzA0Und2dVoKQ2xUK2k2dUhVZG1KQ2cxaGxKODM3UlUwTXJxbjExTEJ4M1REekNXUDNhUFI1WVVoREQwQWZVWnJ6YnZZVWlYdgpGZGpiRHlvTjRUUjIyRlpNN0tZN2pKYlB4NVhaUmswSmx6dFBKVTJLN2kyNXUyTzNuL3I2aHBaN0VDU3VBREg1Cm9Qbm95a3pTYzVvWmMzNzhrUmYvcU1JT2lZTURtQUJoa1REdHN1K3pLMzFyNGxEbXJPRWxieDlaVDZuVkRBNTgKOEVNNlN6WFlGcTNROXV0OFlvcWw2NnpOeVFqVDhJbmpXN0FKR2FmRGM3ME1UMFdrWks0NGNsWWUvNi8wbVhvbwpKQXpEM1JlMWtiZUNRWitNMk4wQ0F3RUFBYU5aTUZjd0RnWURWUjBQQVFIL0JBUURBZ0trTUE4R0ExVWRFd0VCCi93UUZNQU1CQWY4d0hRWURWUjBPQkJZRUZKTXdNZjJWcWdkM2ZSRnZnTm43Qzd0d0ZUR0xNQlVHQTFVZEVRUU8KTUF5Q0NtdDFZbVZ5Ym1WMFpYTXdEUVlKS29aSWh2Y05BUUVMQlFBRGdnRUJBTWZPdjV2dEtBRnIrUDY4aERObQozd3JXS1Q5NldKQ2NkdUQwU3NYbGdMMm9Uc0VVaGMzSTVGQ1BwYnZYcXVoWHJDVE9JRmhDL0FEUGRRSXliRzZiClVyRnJ2T1hUQ3RHUUcvYncwdWRLb2w2blNKa1EzVFRKVDdXbjg0b1JMM1F4Vmg5WWhuaUFKMVFRUnlpTUhsMWoKYTBkZmxEZC9GSDhXUE9mSFlFTUVTM2tkVzF2MG1yNFlTN2dVTjZMK3RMYUErc2FiMEY3aE9weDJmN3BtbU4xWAp2VFBuZWtacWVuc3hJYzZWRjlmTGpqQkdEN09sOU5TL0o1NzJQUC8vZFBHRHl0dDJwRjVNSEx1R0JFLzBKQkhXCkt2OTBhZVBVSXJtdm1lN1JYNXJZeGZmUm5YZTZSSWtsdVNDa1d2MEw2eVFKQ1MwSThYR1ZHVjY0YUpRbzQxbDYKMEJVPQotLS0tLUVORCBDRVJUSUZJQ0FURS0tLS0tCg=="
              }
            ],
            "created_at": "2022-10-14 21:45:13.418 +0000 UTC",
            "enabled_cluster_log_types": null,
            "encryption_config": [],
            "endpoint": "https://9D79E52948A9A0B141D73D14DDE0744A.gr7.us-east-1.eks.amazonaws.com",
            "id": "eks-cluster-test",
            "identity": [
              {
                "oidc": [
                  {
                    "issuer": "https://oidc.eks.us-east-1.amazonaws.com/id/9D79E52948A9A0B141D73D14DDE0744A"
                  }
                ]
              }
            ],
            "kubernetes_network_config": [
              {
                "ip_family": "ipv4",
                "service_ipv4_cidr": "10.100.0.0/16",
                "service_ipv6_cidr": ""
              }
            ],
            "name": "eks-cluster-test",
            "outpost_config": [],
            "platform_version": "eks.2",
            "role_arn": "arn:aws:iam::262583979852:role/eks-iam-role",
            "status": "ACTIVE",
            "tags": null,
            "tags_all": {},
            "timeouts": null,
            "version": "1.23",
            "vpc_config": [
              {
                "cluster_security_group_id": "sg-0acfd37d5fca55f40",
                "endpoint_private_access": false,
                "endpoint_public_access": true,
                "public_access_cidrs": [
                  "0.0.0.0/0"
                ],
                "security_group_ids": null,
                "subnet_ids": [
                  "subnet-06a863af6e2907a70",
                  "subnet-0daeb618d05a82df2"
                ],
                "vpc_id": "vpc-01f36caaea3832765"
              }
            ]
          },
          "sensitive_attributes": [],
          "private": "eyJlMmJmYjczMC1lY2FhLTExZTYtOGY4OC0zNDM2M2JjN2M0YzAiOnsiY3JlYXRlIjoxODAwMDAwMDAwMDAwLCJkZWxldGUiOjkwMDAwMDAwMDAwMCwidXBkYXRlIjozNjAwMDAwMDAwMDAwfX0=",
          "dependencies": [
            "aws_iam_role.eks-cluster-role"
          ]
        }
      ]
    },
    {
      "mode": "managed",
      "type": "aws_eks_node_group",
      "name": "worker-node-group",
      "provider": "provider[\"registry.terraform.io/hashicorp/aws\"]",
      "instances": [
        {
          "schema_version": 0,
          "attributes": {
            "ami_type": "AL2_x86_64",
            "arn": "arn:aws:eks:us-east-1:262583979852:nodegroup/eks-cluster-test/eks-cluster-test-workernodes/4ac1ec40-151b-1878-b288-97dc322a9032",
            "capacity_type": "ON_DEMAND",
            "cluster_name": "eks-cluster-test",
            "disk_size": 20,
            "force_update_version": null,
            "id": "eks-cluster-test:eks-cluster-test-workernodes",
            "instance_types": [
              "t2.small"
            ],
            "labels": null,
            "launch_template": [],
            "node_group_name": "eks-cluster-test-workernodes",
            "node_group_name_prefix": "",
            "node_role_arn": "arn:aws:iam::262583979852:role/eks-nodes-role",
            "release_version": "1.23.9-20220926",
            "remote_access": [],
            "resources": [
              {
                "autoscaling_groups": [
                  {
                    "name": "eks-eks-cluster-test-workernodes-4ac1ec40-151b-1878-b288-97dc322a9032"
                  }
                ],
                "remote_access_security_group_id": ""
              }
            ],
            "scaling_config": [
              {
                "desired_size": 1,
                "max_size": 1,
                "min_size": 1
              }
            ],
            "status": "ACTIVE",
            "subnet_ids": [
              "subnet-06a863af6e2907a70",
              "subnet-0daeb618d05a82df2"
            ],
            "tags": null,
            "tags_all": {},
            "taint": [],
            "timeouts": null,
            "update_config": [
              {
                "max_unavailable": 1,
                "max_unavailable_percentage": 0
              }
            ],
            "version": "1.23"
          },
          "sensitive_attributes": [],
          "private": "eyJlMmJmYjczMC1lY2FhLTExZTYtOGY4OC0zNDM2M2JjN2M0YzAiOnsiY3JlYXRlIjozNjAwMDAwMDAwMDAwLCJkZWxldGUiOjM2MDAwMDAwMDAwMDAsInVwZGF0ZSI6MzYwMDAwMDAwMDAwMH19",
          "dependencies": [
            "aws_eks_cluster.eks-cluster-test",
            "aws_iam_role.eks-cluster-role",
            "aws_iam_role.eks-nodes-role",
            "aws_iam_role_policy_attachment.AmazonEKSWorkerNodePolicy",
            "aws_iam_role_policy_attachment.AmazonEKS_CNI_Policy"
          ]
        }
      ]
    },
    {
      "mode": "managed",
      "type": "aws_iam_role",
      "name": "eks-cluster-role",
      "provider": "provider[\"registry.terraform.io/hashicorp/aws\"]",
      "instances": [
        {
          "schema_version": 0,
          "attributes": {
            "arn": "arn:aws:iam::262583979852:role/eks-iam-role",
            "assume_role_policy": "{\"Statement\":[{\"Action\":\"sts:AssumeRole\",\"Effect\":\"Allow\",\"Principal\":{\"Service\":\"eks.amazonaws.com\"}}],\"Version\":\"2012-10-17\"}",
            "create_date": "2022-10-14T21:45:11Z",
            "description": "",
            "force_detach_policies": false,
            "id": "eks-iam-role",
            "inline_policy": [],
            "managed_policy_arns": [],
            "max_session_duration": 3600,
            "name": "eks-iam-role",
            "name_prefix": "",
            "path": "/",
            "permissions_boundary": null,
            "tags": null,
            "tags_all": {},
            "unique_id": "AROAT2IZZR5GGZEFK3CNV"
          },
          "sensitive_attributes": [],
          "private": "bnVsbA=="
        }
      ]
    },
    {
      "mode": "managed",
      "type": "aws_iam_role",
      "name": "eks-nodes-role",
      "provider": "provider[\"registry.terraform.io/hashicorp/aws\"]",
      "instances": [
        {
          "schema_version": 0,
          "attributes": {
            "arn": "arn:aws:iam::262583979852:role/eks-nodes-role",
            "assume_role_policy": "{\"Statement\":[{\"Action\":\"sts:AssumeRole\",\"Effect\":\"Allow\",\"Principal\":{\"Service\":\"ec2.amazonaws.com\"}}],\"Version\":\"2012-10-17\"}",
            "create_date": "2022-10-14T21:45:11Z",
            "description": "",
            "force_detach_policies": false,
            "id": "eks-nodes-role",
            "inline_policy": [],
            "managed_policy_arns": [],
            "max_session_duration": 3600,
            "name": "eks-nodes-role",
            "name_prefix": "",
            "path": "/",
            "permissions_boundary": null,
            "tags": null,
            "tags_all": {},
            "unique_id": "AROAT2IZZR5GCKQP3DC6O"
          },
          "sensitive_attributes": [],
          "private": "bnVsbA=="
        }
      ]
    },
    {
      "mode": "managed",
      "type": "aws_iam_role_policy_attachment",
      "name": "AmazonEC2ContainerRegistryReadOnly",
      "provider": "provider[\"registry.terraform.io/hashicorp/aws\"]",
      "instances": [
        {
          "schema_version": 0,
          "attributes": {
            "id": "eks-nodes-role-20221014214514085200000001",
            "policy_arn": "arn:aws:iam::aws:policy/AmazonEC2ContainerRegistryReadOnly",
            "role": "eks-nodes-role"
          },
          "sensitive_attributes": [],
          "private": "bnVsbA==",
          "dependencies": [
            "aws_iam_role.eks-nodes-role"
          ]
        }
      ]
    },
    {
      "mode": "managed",
      "type": "aws_iam_role_policy_attachment",
      "name": "AmazonEC2ContainerRegistryReadOnly-EKS",
      "provider": "provider[\"registry.terraform.io/hashicorp/aws\"]",
      "instances": [
        {
          "schema_version": 0,
          "attributes": {
            "id": "eks-nodes-role-20221014214514094600000002",
            "policy_arn": "arn:aws:iam::aws:policy/AmazonEC2ContainerRegistryReadOnly",
            "role": "eks-nodes-role"
          },
          "sensitive_attributes": [],
          "private": "bnVsbA==",
          "dependencies": [
            "aws_iam_role.eks-nodes-role"
          ]
        }
      ]
    },
    {
      "mode": "managed",
      "type": "aws_iam_role_policy_attachment",
      "name": "AmazonEKSClusterPolicy",
      "provider": "provider[\"registry.terraform.io/hashicorp/aws\"]",
      "instances": [
        {
          "schema_version": 0,
          "attributes": {
            "id": "eks-iam-role-20221014214514283600000005",
            "policy_arn": "arn:aws:iam::aws:policy/AmazonEKSClusterPolicy",
            "role": "eks-iam-role"
          },
          "sensitive_attributes": [],
          "private": "bnVsbA==",
          "dependencies": [
            "aws_iam_role.eks-cluster-role"
          ]
        }
      ]
    },
    {
      "mode": "managed",
      "type": "aws_iam_role_policy_attachment",
      "name": "AmazonEKSWorkerNodePolicy",
      "provider": "provider[\"registry.terraform.io/hashicorp/aws\"]",
      "instances": [
        {
          "schema_version": 0,
          "attributes": {
            "id": "eks-nodes-role-20221014214514186500000003",
            "policy_arn": "arn:aws:iam::aws:policy/AmazonEKSWorkerNodePolicy",
            "role": "eks-nodes-role"
          },
          "sensitive_attributes": [],
          "private": "bnVsbA==",
          "dependencies": [
            "aws_iam_role.eks-nodes-role"
          ]
        }
      ]
    },
    {
      "mode": "managed",
      "type": "aws_iam_role_policy_attachment",
      "name": "AmazonEKS_CNI_Policy",
      "provider": "provider[\"registry.terraform.io/hashicorp/aws\"]",
      "instances": [
        {
          "schema_version": 0,
          "attributes": {
            "id": "eks-nodes-role-20221014214514196000000004",
            "policy_arn": "arn:aws:iam::aws:policy/AmazonEKS_CNI_Policy",
            "role": "eks-nodes-role"
          },
          "sensitive_attributes": [],
          "private": "bnVsbA==",
          "dependencies": [
            "aws_iam_role.eks-nodes-role"
          ]
        }
      ]
    },
    {
      "mode": "managed",
      "type": "aws_sqs_queue",
      "name": "terraform_queue",
      "provider": "provider[\"registry.terraform.io/hashicorp/aws\"]",
      "instances": [
        {
          "schema_version": 0,
          "attributes": {
            "arn": "arn:aws:sqs:us-east-1:262583979852:ticket_events.fifo",
            "content_based_deduplication": false,
            "deduplication_scope": "queue",
            "delay_seconds": 0,
            "fifo_queue": true,
            "fifo_throughput_limit": "perQueue",
            "id": "https://sqs.us-east-1.amazonaws.com/262583979852/ticket_events.fifo",
            "kms_data_key_reuse_period_seconds": 300,
            "kms_master_key_id": "",
            "max_message_size": 262144,
            "message_retention_seconds": 345600,
            "name": "ticket_events.fifo",
            "name_prefix": "",
            "policy": "",
            "receive_wait_time_seconds": 0,
            "redrive_allow_policy": "",
            "redrive_policy": "",
            "sqs_managed_sse_enabled": true,
            "tags": null,
            "tags_all": {},
            "url": "https://sqs.us-east-1.amazonaws.com/262583979852/ticket_events.fifo",
            "visibility_timeout_seconds": 30
          },
          "sensitive_attributes": [],
          "private": "bnVsbA=="
        }
      ]
    }
  ]
}
